
Microsoft Visual Studio Solution File, Format Version 12.00
# Visual Studio Version 17
VisualStudioVersion = 17.1.32328.378
MinimumVisualStudioVersion = 10.0.40219.1
Project("{9A19103F-16F7-4668-BE54-9A1E7A4F7556}") = "TextFlow", "TextFlow\TextFlow.csproj", "{4AEAB0CE-9863-4749-A666-E9A1DBEB5392}"
EndProject
Project("{9A19103F-16F7-4668-BE54-9A1E7A4F7556}") = "ConsoleApp1", "..\ConsoleApp1\ConsoleApp1\ConsoleApp1.csproj", "{F6E25F64-DDE4-4F4C-BDBC-EC2903296F54}"
EndProject
Global
	GlobalSection(SolutionConfigurationPlatforms) = preSolution
		Debug|Any CPU = Debug|Any CPU
		Release|Any CPU = Release|Any CPU
	EndGlobalSection
	GlobalSection(ProjectConfigurationPlatforms) = postSolution
		{4AEAB0CE-9863-4749-A666-E9A1DBEB5392}.Debug|Any CPU.ActiveCfg = Debug|Any CPU
		{4AEAB0CE-9863-4749-A666-E9A1DBEB5392}.Debug|Any CPU.Build.0 = Debug|Any CPU
		{4AEAB0CE-9863-4749-A666-E9A1DBEB5392}.Release|Any CPU.ActiveCfg = Release|Any CPU
		{4AEAB0CE-9863-4749-A666-E9A1DBEB5392}.Release|Any CPU.Build.0 = Release|Any CPU
		{F6E25F64-DDE4-4F4C-BDBC-EC2903296F54}.Debug|Any CPU.ActiveCfg = Debug|Any CPU
		{F6E25F64-DDE4-4F4C-BDBC-EC2903296F54}.Debug|Any CPU.Build.0 = Debug|Any CPU
		{F6E25F64-DDE4-4F4C-BDBC-EC2903296F54}.Release|Any CPU.ActiveCfg = Release|Any CPU
		{F6E25F64-DDE4-4F4C-BDBC-EC2903296F54}.Release|Any CPU.Build.0 = Release|Any CPU
	EndGlobalSection
	GlobalSection(SolutionProperties) = preSolution
		HideSolutionNode = FALSE
	EndGlobalSection
	GlobalSection(ExtensibilityGlobals) = postSolution
		SolutionGuid = {396249F6-9AC9-49EC-8740-8EB1FFD7B60B}
	EndGlobalSection
EndGlobal
